lockfileVersion: 5.4

importers:

  .:
    specifiers:
      pnpm: ^7.3.0
      rollup: ^2.75.7
      typescript: ^4.7.3
    devDependencies:
      pnpm: 7.3.0
      rollup: 2.75.7
      typescript: 4.7.3

packages:

  /fsevents/2.3.2:
    resolution: {integrity: sha512-xiqMQR4xAeHTuB9uWm+fFRcIOgKBMiOBP+eXiyT7jsgVCq1bkVygt00oASowB7EdtpOHaaPgKt812P9ab+DDKA==}
    engines: {node: ^8.16.0 || ^10.6.0 || >=11.0.0}
    os: [darwin]
    requiresBuild: true
    dev: true
    optional: true

  /pnpm/7.3.0:
    resolution: {integrity: sha512-HOXT6V+AznAyjL2Ay3TuuJQucsEguUiKjqyQq4WPPwOpaaILhkKvu8Nn1/OQWGi9V6T7OciyrctAKeYyCha6Ow==}
    engines: {node: '>=14.6'}
    hasBin: true
    dev: true

  /rollup/2.75.7:
    resolution: {integrity: sha512-VSE1iy0eaAYNCxEXaleThdFXqZJ42qDBatAwrfnPlENEZ8erQ+0LYX4JXOLPceWfZpV1VtZwZ3dFCuOZiSyFtQ==}
    engines: {node: '>=10.0.0'}
    hasBin: true
    optionalDependencies:
      fsevents: 2.3.2
    dev: true

  /typescript/4.7.3:
    resolution: {integrity: sha512-WOkT3XYvrpXx4vMMqlD+8R8R37fZkjyLGlxavMc4iB8lrl8L0DeTcHbYgw/v0N/z9wAFsgBhcsF0ruoySS22mA==}
    engines: {node: '>=4.2.0'}
    hasBin: true
    dev: true
